version = 1
revision = 1
requires-python = ">=3.12"

[[package]]
name = "aws-s3"
version = "0.1.0"
source = { virtual = "." }
dependencies = [
    { name = "boto3" },
    { name = "boto3-stubs", extra = ["s3"] },
    { name = "mypy-boto3" },
]

[package.metadata]
requires-dist = [
    { name = "boto3", specifier = ">=1.37.30" },
    { name = "boto3-stubs", extras = ["s3"], specifier = ">=1.37.8" },
    { name = "mypy-boto3", specifier = ">=1.37.0" },
]

[[package]]
name = "boto3"
version = "1.37.30"
source = { registry = "https://pypi.org/simple" }
dependencies = [
    { name = "botocore" },
    { name = "jmespath" },
    { name = "s3transfer" },
]
sdist = { url = "https://files.pythonhosted.org/packages/f0/4b/fc19e5b08f5871ebc92a5bb8919133245bf63ab4e985b91e00ff78cd0905/boto3-1.37.30.tar.gz", hash = "sha256:beea13db5a5f5eaacecfa905cd1e4e933c13802f776198264eef229d6dffcc42", size = 111380 }
wheels = [
    { url = "https://files.pythonhosted.org/packages/28/3a/072a196ee038e859a6bdd52e374533c722e8b943c9a52c673dab70976d98/boto3-1.37.30-py3-none-any.whl", hash = "sha256:c75d78013eb43b354662cbd5f30bf537ab06641d3ed37aaad6fcf55a529d2991", size = 139560 },
]

[[package]]
name = "boto3-stubs"
version = "1.37.30"
source = { registry = "https://pypi.org/simple" }
dependencies = [
    { name = "botocore-stubs" },
    { name = "types-s3transfer" },
]
sdist = { url = "https://files.pythonhosted.org/packages/6a/be/2e3f7ae66c02c52145324d3b97306e6ed8d0c1cca00fbebac6b70db9c812/boto3_stubs-1.37.30.tar.gz", hash = "sha256:df35809a497b8add3a68c715f04b49ccec7c2eec9bb785888a57df38a38ea5d1", size = 99132 }
wheels = [
    { url = "https://files.pythonhosted.org/packages/74/85/7e3a166feabcd70a86347c80b63fc19a57b57313ca33573e6834e18562f2/boto3_stubs-1.37.30-py3-none-any.whl", hash = "sha256:15c28b5678914048b223a8042c014e0e8d189119b82467786ad334227286f2e4", size = 68646 },
]

[package.optional-dependencies]
s3 = [
    { name = "mypy-boto3-s3" },
]

[[package]]
name = "botocore"
version = "1.37.30"
source = { registry = "https://pypi.org/simple" }
dependencies = [
    { name = "jmespath" },
    { name = "python-dateutil" },
    { name = "urllib3" },
]
sdist = { url = "https://files.pythonhosted.org/packages/49/e7/29af47eb173faaeef3daabcc3e94bd8b6c1d87e1ba8eef1c6a18827b9cee/botocore-1.37.30.tar.gz", hash = "sha256:2f43b61e0231abbb4fbe8917acb1af98cb83dbab8c264c0d1f5ca0f16fdbf219", size = 13810655 }
wheels = [
    { url = "https://files.pythonhosted.org/packages/d9/85/cef0fdbd17f09cddc97c6b3182b099e2583ca77caec76f8a09f76794266e/botocore-1.37.30-py3-none-any.whl", hash = "sha256:d8ca899962d2079acd52483581f607322513910337a69bdae697766404b85b7d", size = 13476760 },
]

[[package]]
name = "botocore-stubs"
version = "1.37.29"
source = { registry = "https://pypi.org/simple" }
dependencies = [
    { name = "types-awscrt" },
]
sdist = { url = "https://files.pythonhosted.org/packages/21/84/3c6f85a562fc2c0b6856a7742ccc0f59c7ff1ea2595e0159bc3b12ff7122/botocore_stubs-1.37.29.tar.gz", hash = "sha256:c59898bf1d09bf6a9f491f4705c5696e74b83156b766aa1716867f11b8a04ea1", size = 42239 }
wheels = [
    { url = "https://files.pythonhosted.org/packages/bc/26/8857ff237c8d70fb8591575749468eb8973e16c65931226b856dda50c160/botocore_stubs-1.37.29-py3-none-any.whl", hash = "sha256:923127abb5fac0b8b0f11837a4641f2863bb4398b5bd6b11d1604134966c4bb6", size = 65569 },
]

[[package]]
name = "jmespath"
version = "1.0.1"
source = { registry = "https://pypi.org/simple" }
sdist = { url = "https://files.pythonhosted.org/packages/00/2a/e867e8531cf3e36b41201936b7fa7ba7b5702dbef42922193f05c8976cd6/jmespath-1.0.1.tar.gz", hash = "sha256:90261b206d6defd58fdd5e85f478bf633a2901798906be2ad389150c5c60edbe", size = 25843 }
wheels = [
    { url = "https://files.pythonhosted.org/packages/31/b4/b9b800c45527aadd64d5b442f9b932b00648617eb5d63d2c7a6587b7cafc/jmespath-1.0.1-py3-none-any.whl", hash = "sha256:02e2e4cc71b5bcab88332eebf907519190dd9e6e82107fa7f83b1003a6252980", size = 20256 },
]

[[package]]
name = "mypy-boto3"
version = "1.37.0"
source = { registry = "https://pypi.org/simple" }
dependencies = [
    { name = "boto3" },
]
sdist = { url = "https://files.pythonhosted.org/packages/e4/9d/97c7f7c5af76fe6d14744258e91ac1cf0c36a864af9bf97152b808e0dea7/mypy_boto3-1.37.0.tar.gz", hash = "sha256:744e657e70943700f827061d024228a089ad3a3b4da1a014397b3f6e5bad3862", size = 22153 }
wheels = [
    { url = "https://files.pythonhosted.org/packages/56/8b/5300801bbe74e5e4c0d6b8e45b7bed4e7354a5fa1cff1aa34183d0b470fb/mypy_boto3-1.37.0-py3-none-any.whl", hash = "sha256:a7ac0d746cbbcef0330a9035f04328ef4a10d24e09581aabbf9862a22f0ef1da", size = 22087 },
]

[[package]]
name = "mypy-boto3-s3"
version = "1.37.24"
source = { registry = "https://pypi.org/simple" }
sdist = { url = "https://files.pythonhosted.org/packages/0e/1d/8ddb398335991d7f04c3cbc64232aea673c877146f3de5bd7cbea88f1d4f/mypy_boto3_s3-1.37.24.tar.gz", hash = "sha256:4df0975256132ab452896b9d36571866a816157d519cf12c661795b2906e2e9c", size = 73709 }
wheels = [
    { url = "https://files.pythonhosted.org/packages/14/fb/17efbbde4fbbf027078e7577a38dc26c68e608deed8c31627328849c5825/mypy_boto3_s3-1.37.24-py3-none-any.whl", hash = "sha256:8afd8d64be352652bc888ed81750788bebabd2b6e8ee6fe9be00ff25228df39b", size = 80318 },
]

[[package]]
name = "python-dateutil"
version = "2.9.0.post0"
source = { registry = "https://pypi.org/simple" }
dependencies = [
    { name = "six" },
]
sdist = { url = "https://files.pythonhosted.org/packages/66/c0/0c8b6ad9f17a802ee498c46e004a0eb49bc148f2fd230864601a86dcf6db/python-dateutil-2.9.0.post0.tar.gz", hash = "sha256:37dd54208da7e1cd875388217d5e00ebd4179249f90fb72437e91a35459a0ad3", size = 342432 }
wheels = [
    { url = "https://files.pythonhosted.org/packages/ec/57/56b9bcc3c9c6a792fcbaf139543cee77261f3651ca9da0c93f5c1221264b/python_dateutil-2.9.0.post0-py2.py3-none-any.whl", hash = "sha256:a8b2bc7bffae282281c8140a97d3aa9c14da0b136dfe83f850eea9a5f7470427", size = 229892 },
]

[[package]]
name = "s3transfer"
version = "0.11.4"
source = { registry = "https://pypi.org/simple" }
dependencies = [
    { name = "botocore" },
]
sdist = { url = "https://files.pythonhosted.org/packages/0f/ec/aa1a215e5c126fe5decbee2e107468f51d9ce190b9763cb649f76bb45938/s3transfer-0.11.4.tar.gz", hash = "sha256:559f161658e1cf0a911f45940552c696735f5c74e64362e515f333ebed87d679", size = 148419 }
wheels = [
    { url = "https://files.pythonhosted.org/packages/86/62/8d3fc3ec6640161a5649b2cddbbf2b9fa39c92541225b33f117c37c5a2eb/s3transfer-0.11.4-py3-none-any.whl", hash = "sha256:ac265fa68318763a03bf2dc4f39d5cbd6a9e178d81cc9483ad27da33637e320d", size = 84412 },
]

[[package]]
name = "six"
version = "1.17.0"
source = { registry = "https://pypi.org/simple" }
sdist = { url = "https://files.pythonhosted.org/packages/94/e7/b2c673351809dca68a0e064b6af791aa332cf192da575fd474ed7d6f16a2/six-1.17.0.tar.gz", hash = "sha256:ff70335d468e7eb6ec65b95b99d3a2836546063f63acc5171de367e834932a81", size = 34031 }
wheels = [
    { url = "https://files.pythonhosted.org/packages/b7/ce/149a00dd41f10bc29e5921b496af8b574d8413afcd5e30dfa0ed46c2cc5e/six-1.17.0-py2.py3-none-any.whl", hash = "sha256:4721f391ed90541fddacab5acf947aa0d3dc7d27b2e1e8eda2be8970586c3274", size = 11050 },
]

[[package]]
name = "types-awscrt"
version = "0.25.7"
source = { registry = "https://pypi.org/simple" }
sdist = { url = "https://files.pythonhosted.org/packages/fc/29/29cfb4acd07571e49a1781cd89a65846f6854913dfc8e91ca21b25209ceb/types_awscrt-0.25.7.tar.gz", hash = "sha256:e11298750c99647f7f3b98d6d6d648790096cd32d445fd0d49a6041a63336c9a", size = 15576 }
wheels = [
    { url = "https://files.pythonhosted.org/packages/c7/5b/9358ec92f9cd7ad865be76e346170a40e877af524f3718c02fb8fe182166/types_awscrt-0.25.7-py3-none-any.whl", hash = "sha256:7bcd649aedca3c41007ca5757096d3b3bdb454b73ca66970ddae6c2c2f541c8c", size = 19577 },
]

[[package]]
name = "types-s3transfer"
version = "0.11.4"
source = { registry = "https://pypi.org/simple" }
sdist = { url = "https://files.pythonhosted.org/packages/93/a9/440d8ba72a81bcf2cc5a56ef63f23b58ce93e7b9b62409697553bdcdd181/types_s3transfer-0.11.4.tar.gz", hash = "sha256:05fde593c84270f19fd053f0b1e08f5a057d7c5f036b9884e68fb8cd3041ac30", size = 14074 }
wheels = [
    { url = "https://files.pythonhosted.org/packages/d0/69/0b5ae42c3c33d31a32f7dcb9f35a3e327365360a6e4a2a7b491904bd38aa/types_s3transfer-0.11.4-py3-none-any.whl", hash = "sha256:2a76d92c07d4a3cb469e5343b2e7560e0b8078b2e03696a65407b8c44c861b61", size = 19516 },
]

[[package]]
name = "urllib3"
version = "2.3.0"
source = { registry = "https://pypi.org/simple" }
sdist = { url = "https://files.pythonhosted.org/packages/aa/63/e53da845320b757bf29ef6a9062f5c669fe997973f966045cb019c3f4b66/urllib3-2.3.0.tar.gz", hash = "sha256:f8c5449b3cf0861679ce7e0503c7b44b5ec981bec0d1d3795a07f1ba96f0204d", size = 307268 }
wheels = [
    { url = "https://files.pythonhosted.org/packages/c8/19/4ec628951a74043532ca2cf5d97b7b14863931476d117c471e8e2b1eb39f/urllib3-2.3.0-py3-none-any.whl", hash = "sha256:1cee9ad369867bfdbbb48b7dd50374c0967a0bb7710050facf0dd6911440e3df", size = 128369 },
]
